
Microsoft Visual Studio Solution File, Format Version 12.00
# Visual Studio Version 16
VisualStudioVersion = 16.0.29503.13
MinimumVisualStudioVersion = 10.0.40219.1
Project("{8BC9CEB8-8B4A-11D0-8D11-00A0C91BC942}") = "laba4", "laba4\laba4.vcxproj", "{CC46ECDE-C0A8-4C12-87AB-7857B36101EC}"
EndProject
Global
	GlobalSection(SolutionConfigurationPlatforms) = preSolution
		Debug|x64 = Debug|x64
		Debug|x86 = Debug|x86
		Release|x64 = Release|x64
		Release|x86 = Release|x86
	EndGlobalSection
	GlobalSection(ProjectConfigurationPlatforms) = postSolution
		{CC46ECDE-C0A8-4C12-87AB-7857B36101EC}.Debug|x64.ActiveCfg = Debug|x64
		{CC46ECDE-C0A8-4C12-87AB-7857B36101EC}.Debug|x64.Build.0 = Debug|x64
		{CC46ECDE-C0A8-4C12-87AB-7857B36101EC}.Debug|x86.ActiveCfg = Debug|Win32
		{CC46ECDE-C0A8-4C12-87AB-7857B36101EC}.Debug|x86.Build.0 = Debug|Win32
		{CC46ECDE-C0A8-4C12-87AB-7857B36101EC}.Release|x64.ActiveCfg = Release|x64
		{CC46ECDE-C0A8-4C12-87AB-7857B36101EC}.Release|x64.Build.0 = Release|x64
		{CC46ECDE-C0A8-4C12-87AB-7857B36101EC}.Release|x86.ActiveCfg = Release|Win32
		{CC46ECDE-C0A8-4C12-87AB-7857B36101EC}.Release|x86.Build.0 = Release|Win32
	EndGlobalSection
	GlobalSection(SolutionProperties) = preSolution
		HideSolutionNode = FALSE
	EndGlobalSection
	GlobalSection(ExtensibilityGlobals) = postSolution
		SolutionGuid = {84516FD6-8743-40AD-9CC3-F96E7A4AF1AE}
	EndGlobalSection
EndGlobal
